
Microsoft Visual Studio Solution File, Format Version 12.00
# Visual Studio Version 16
VisualStudioVersion = 16.0.30804.86
MinimumVisualStudioVersion = 10.0.40219.1
Project("{8BC9CEB8-8B4A-11D0-8D11-00A0C91BC942}") = "Core", "Core\Core.vcxproj", "{0868C134-E389-4EE2-9A47-77B550560F45}"
	ProjectSection(ProjectDependencies) = postProject
		{E3E904F8-67C4-42C2-9FB8-D8B306CD3A16} = {E3E904F8-67C4-42C2-9FB8-D8B306CD3A16}
	EndProjectSection
EndProject
Project("{8BC9CEB8-8B4A-11D0-8D11-00A0C91BC942}") = "Tests", "Tests\Tests.vcxproj", "{01B2365F-0A89-4783-8C9B-2D572772CB48}"
	ProjectSection(ProjectDependencies) = postProject
		{0868C134-E389-4EE2-9A47-77B550560F45} = {0868C134-E389-4EE2-9A47-77B550560F45}
	EndProjectSection
EndProject
Project("{8BC9CEB8-8B4A-11D0-8D11-00A0C91BC942}") = "Driver", "Driver\Driver.vcxproj", "{AA4A02F5-7E6A-4EAE-8DFA-B17DEADFEE37}"
	ProjectSection(ProjectDependencies) = postProject
		{0868C134-E389-4EE2-9A47-77B550560F45} = {0868C134-E389-4EE2-9A47-77B550560F45}
		{01B2365F-0A89-4783-8C9B-2D572772CB48} = {01B2365F-0A89-4783-8C9B-2D572772CB48}
	EndProjectSection
EndProject
Project("{8BC9CEB8-8B4A-11D0-8D11-00A0C91BC942}") = "Vendor", "Vendor\Vendor.vcxproj", "{E3E904F8-67C4-42C2-9FB8-D8B306CD3A16}"
EndProject
Global
	GlobalSection(SolutionConfigurationPlatforms) = preSolution
		Debug|x64 = Debug|x64
		Debug|x86 = Debug|x86
		Release|x64 = Release|x64
		Release|x86 = Release|x86
	EndGlobalSection
	GlobalSection(ProjectConfigurationPlatforms) = postSolution
		{0868C134-E389-4EE2-9A47-77B550560F45}.Debug|x64.ActiveCfg = Debug|x64
		{0868C134-E389-4EE2-9A47-77B550560F45}.Debug|x64.Build.0 = Debug|x64
		{0868C134-E389-4EE2-9A47-77B550560F45}.Debug|x86.ActiveCfg = Debug|Win32
		{0868C134-E389-4EE2-9A47-77B550560F45}.Debug|x86.Build.0 = Debug|Win32
		{0868C134-E389-4EE2-9A47-77B550560F45}.Release|x64.ActiveCfg = Release|x64
		{0868C134-E389-4EE2-9A47-77B550560F45}.Release|x64.Build.0 = Release|x64
		{0868C134-E389-4EE2-9A47-77B550560F45}.Release|x86.ActiveCfg = Release|Win32
		{0868C134-E389-4EE2-9A47-77B550560F45}.Release|x86.Build.0 = Release|Win32
		{01B2365F-0A89-4783-8C9B-2D572772CB48}.Debug|x64.ActiveCfg = Debug|x64
		{01B2365F-0A89-4783-8C9B-2D572772CB48}.Debug|x64.Build.0 = Debug|x64
		{01B2365F-0A89-4783-8C9B-2D572772CB48}.Debug|x86.ActiveCfg = Debug|Win32
		{01B2365F-0A89-4783-8C9B-2D572772CB48}.Debug|x86.Build.0 = Debug|Win32
		{01B2365F-0A89-4783-8C9B-2D572772CB48}.Release|x64.ActiveCfg = Release|x64
		{01B2365F-0A89-4783-8C9B-2D572772CB48}.Release|x64.Build.0 = Release|x64
		{01B2365F-0A89-4783-8C9B-2D572772CB48}.Release|x86.ActiveCfg = Release|Win32
		{01B2365F-0A89-4783-8C9B-2D572772CB48}.Release|x86.Build.0 = Release|Win32
		{AA4A02F5-7E6A-4EAE-8DFA-B17DEADFEE37}.Debug|x64.ActiveCfg = Debug|x64
		{AA4A02F5-7E6A-4EAE-8DFA-B17DEADFEE37}.Debug|x64.Build.0 = Debug|x64
		{AA4A02F5-7E6A-4EAE-8DFA-B17DEADFEE37}.Debug|x86.ActiveCfg = Debug|Win32
		{AA4A02F5-7E6A-4EAE-8DFA-B17DEADFEE37}.Debug|x86.Build.0 = Debug|Win32
		{AA4A02F5-7E6A-4EAE-8DFA-B17DEADFEE37}.Release|x64.ActiveCfg = Release|x64
		{AA4A02F5-7E6A-4EAE-8DFA-B17DEADFEE37}.Release|x64.Build.0 = Release|x64
		{AA4A02F5-7E6A-4EAE-8DFA-B17DEADFEE37}.Release|x86.ActiveCfg = Release|Win32
		{AA4A02F5-7E6A-4EAE-8DFA-B17DEADFEE37}.Release|x86.Build.0 = Release|Win32
		{E3E904F8-67C4-42C2-9FB8-D8B306CD3A16}.Debug|x64.ActiveCfg = Debug|x64
		{E3E904F8-67C4-42C2-9FB8-D8B306CD3A16}.Debug|x64.Build.0 = Debug|x64
		{E3E904F8-67C4-42C2-9FB8-D8B306CD3A16}.Debug|x86.ActiveCfg = Debug|Win32
		{E3E904F8-67C4-42C2-9FB8-D8B306CD3A16}.Debug|x86.Build.0 = Debug|Win32
		{E3E904F8-67C4-42C2-9FB8-D8B306CD3A16}.Release|x64.ActiveCfg = Release|x64
		{E3E904F8-67C4-42C2-9FB8-D8B306CD3A16}.Release|x64.Build.0 = Release|x64
		{E3E904F8-67C4-42C2-9FB8-D8B306CD3A16}.Release|x86.ActiveCfg = Release|Win32
		{E3E904F8-67C4-42C2-9FB8-D8B306CD3A16}.Release|x86.Build.0 = Release|Win32
	EndGlobalSection
	GlobalSection(SolutionProperties) = preSolution
		HideSolutionNode = FALSE
	EndGlobalSection
	GlobalSection(ExtensibilityGlobals) = postSolution
		SolutionGuid = {C8D52E05-4A48-4081-8FAE-4A67CAD24C8C}
	EndGlobalSection
EndGlobal
